<?xml version="1.0" encoding="utf-8"?>
<Project ToolsVersion="4.0" xmlns="http://schemas.microsoft.com/developer/msbuild/2003">
  <ItemGroup>
    <Filter Include="源文件">
      <UniqueIdentifier>{4FC737F1-C7A5-4376-A066-2A32D752A2FF}</UniqueIdentifier>
      <Extensions>cpp;c;cc;cxx;c++;cppm;ixx;def;odl;idl;hpj;bat;asm;asmx</Extensions>
    </Filter>
    <Filter Include="头文件">
      <UniqueIdentifier>{93995380-89BD-4b04-88EB-625FBE52EBFB}</UniqueIdentifier>
      <Extensions>h;hh;hpp;hxx;h++;hm;inl;inc;ipp;xsd</Extensions>
    </Filter>
    <Filter Include="资源文件">
      <UniqueIdentifier>{67DA6AB6-F800-4c08-8B7A-83BB121AAD01}</UniqueIdentifier>
      <Extensions>rc;ico;cur;bmp;dlg;rc2;rct;bin;rgs;gif;jpg;jpeg;jpe;resx;tiff;tif;png;wav;mfcribbon-ms</Extensions>
    </Filter>
    <Filter Include="头文件\scene">
      <UniqueIdentifier>{6b8b8dbf-6440-42cc-86e0-1d656e179b06}</UniqueIdentifier>
    </Filter>
    <Filter Include="头文件\player">
      <UniqueIdentifier>{3cebf7d4-3ca1-421c-a636-9d756aabb4e0}</UniqueIdentifier>
    </Filter>
    <Filter Include="头文件\bullet">
      <UniqueIdentifier>{03c48aea-038e-4803-9b4b-91635c46c769}</UniqueIdentifier>
    </Filter>
    <Filter Include="源文件\bullet">
      <UniqueIdentifier>{8f070c0c-8e58-40a5-be17-4a006ec50c4d}</UniqueIdentifier>
    </Filter>
    <Filter Include="源文件\player">
      <UniqueIdentifier>{41ffe1c2-4836-40ea-9915-beee869d01fe}</UniqueIdentifier>
    </Filter>
    <Filter Include="源文件\scene">
      <UniqueIdentifier>{6ca54219-bddf-4462-b924-337a7a4398f0}</UniqueIdentifier>
    </Filter>
  </ItemGroup>
  <ItemGroup>
    <ClCompile Include="main.cpp">
      <Filter>源文件</Filter>
    </ClCompile>
    <ClCompile Include="atlas.cpp">
      <Filter>源文件</Filter>
    </ClCompile>
    <ClCompile Include="util.cpp">
      <Filter>源文件</Filter>
    </ClCompile>
    <ClCompile Include="animation.cpp">
      <Filter>源文件</Filter>
    </ClCompile>
    <ClCompile Include="vector2.cpp">
      <Filter>源文件</Filter>
    </ClCompile>
    <ClCompile Include="camera.cpp">
      <Filter>源文件</Filter>
    </ClCompile>
    <ClCompile Include="timer.cpp">
      <Filter>源文件</Filter>
    </ClCompile>
    <ClCompile Include="platform.cpp">
      <Filter>源文件</Filter>
    </ClCompile>
    <ClCompile Include="status_bar.cpp">
      <Filter>源文件</Filter>
    </ClCompile>
    <ClCompile Include="particle.cpp">
      <Filter>源文件</Filter>
    </ClCompile>
    <ClCompile Include="bullet.cpp">
      <Filter>源文件\bullet</Filter>
    </ClCompile>
    <ClCompile Include="pea_bullet.cpp">
      <Filter>源文件\bullet</Filter>
    </ClCompile>
    <ClCompile Include="sun_bullet.cpp">
      <Filter>源文件\bullet</Filter>
    </ClCompile>
    <ClCompile Include="sun_bullet_ex.cpp">
      <Filter>源文件\bullet</Filter>
    </ClCompile>
    <ClCompile Include="player.cpp">
      <Filter>源文件\player</Filter>
    </ClCompile>
    <ClCompile Include="peashooter_player.cpp">
      <Filter>源文件\player</Filter>
    </ClCompile>
    <ClCompile Include="sunflower_player.cpp">
      <Filter>源文件\player</Filter>
    </ClCompile>
    <ClCompile Include="menu_scene.cpp">
      <Filter>源文件\scene</Filter>
    </ClCompile>
    <ClCompile Include="game_scene.cpp">
      <Filter>源文件\scene</Filter>
    </ClCompile>
    <ClCompile Include="selector_scene.cpp">
      <Filter>源文件\scene</Filter>
    </ClCompile>
    <ClCompile Include="scene_manager.cpp">
      <Filter>源文件</Filter>
    </ClCompile>
  </ItemGroup>
  <ItemGroup>
    <ClInclude Include="game_scene.h">
      <Filter>头文件\scene</Filter>
    </ClInclude>
    <ClInclude Include="menu_scene.h">
      <Filter>头文件\scene</Filter>
    </ClInclude>
    <ClInclude Include="scene.h">
      <Filter>头文件\scene</Filter>
    </ClInclude>
    <ClInclude Include="selector_scene.h">
      <Filter>头文件\scene</Filter>
    </ClInclude>
    <ClInclude Include="atlas.h">
      <Filter>头文件</Filter>
    </ClInclude>
    <ClInclude Include="util.h">
      <Filter>头文件</Filter>
    </ClInclude>
    <ClInclude Include="animation.h">
      <Filter>头文件</Filter>
    </ClInclude>
    <ClInclude Include="vector2.h">
      <Filter>头文件</Filter>
    </ClInclude>
    <ClInclude Include="camera.h">
      <Filter>头文件</Filter>
    </ClInclude>
    <ClInclude Include="timer.h">
      <Filter>头文件</Filter>
    </ClInclude>
    <ClInclude Include="platform.h">
      <Filter>头文件</Filter>
    </ClInclude>
    <ClInclude Include="scene_manager.h">
      <Filter>头文件\scene</Filter>
    </ClInclude>
    <ClInclude Include="player.h">
      <Filter>头文件\player</Filter>
    </ClInclude>
    <ClInclude Include="peashooter_player.h">
      <Filter>头文件\player</Filter>
    </ClInclude>
    <ClInclude Include="sunflower_player.h">
      <Filter>头文件\player</Filter>
    </ClInclude>
    <ClInclude Include="player_id.h">
      <Filter>头文件\player</Filter>
    </ClInclude>
    <ClInclude Include="bullet.h">
      <Filter>头文件\bullet</Filter>
    </ClInclude>
    <ClInclude Include="pea_bullet.h">
      <Filter>头文件\bullet</Filter>
    </ClInclude>
    <ClInclude Include="sun_bullet_ex.h">
      <Filter>头文件\bullet</Filter>
    </ClInclude>
    <ClInclude Include="sun_bullet.h">
      <Filter>头文件\bullet</Filter>
    </ClInclude>
    <ClInclude Include="status_bar.h">
      <Filter>头文件\player</Filter>
    </ClInclude>
    <ClInclude Include="particle.h">
      <Filter>头文件</Filter>
    </ClInclude>
    <ClInclude Include="resource.h">
      <Filter>头文件</Filter>
    </ClInclude>
  </ItemGroup>
  <ItemGroup>
    <ResourceCompile Include="TutorialZero_4.rc">
      <Filter>资源文件</Filter>
    </ResourceCompile>
  </ItemGroup>
  <ItemGroup>
    <Image Include="vgtoz-n3j4d-001.ico">
      <Filter>资源文件</Filter>
    </Image>
  </ItemGroup>
</Project>